// !$*UTF8*$!
{
	archiveVersion = 1;
	classes = {
	};
	objectVersion = 46;
	objects = {

/* Begin PBXBuildFile section */
		FFD574B11D4639C40022BA71 /* AppDelegate.swift in Sources */ = {isa = PBXBuildFile; fileRef = FFD574B01D4639C40022BA71 /* AppDelegate.swift */; };
		FFD574B31D4639C40022BA71 /* CardsViewController.swift in Sources */ = {isa = PBXBuildFile; fileRef = FFD574B21D4639C40022BA71 /* CardsViewController.swift */; };
		FFD574B61D4639C40022BA71 /* Main.storyboard in Resources */ = {isa = PBXBuildFile; fileRef = FFD574B41D4639C40022BA71 /* Main.storyboard */; };
		FFD574B81D4639C40022BA71 /* Assets.xcassets in Resources */ = {isa = PBXBuildFile; fileRef = FFD574B71D4639C40022BA71 /* Assets.xcassets */; };
		FFD574BB1D4639C40022BA71 /* LaunchScreen.storyboard in Resources */ = {isa = PBXBuildFile; fileRef = FFD574B91D4639C40022BA71 /* LaunchScreen.storyboard */; };
/* End PBXBuildFile section */

/* Begin PBXFileReference section */
		FFD574AD1D4639C40022BA71 /* coderTinder.app */ = {isa = PBXFileReference; explicitFileType = wrapper.application; includeInIndex = 0; path = coderTinder.app; sourceTree = BUILT_PRODUCTS_DIR; };
		FFD574B01D4639C40022BA71 /* AppDelegate.swift */ = {isa = PBXFileReference; lastKnownFileType = sourcecode.swift; path = AppDelegate.swift; sourceTree = "<group>"; };
		FFD574B21D4639C40022BA71 /* CardsViewController.swift */ = {isa = PBXFileReference; lastKnownFileType = sourcecode.swift; path = CardsViewController.swift; sourceTree = "<group>"; };
		FFD574B51D4639C40022BA71 /* Base */ = {isa = PBXFileReference; lastKnownFileType = file.storyboard; name = Base; path = Base.lproj/Main.storyboard; sourceTree = "<group>"; };
		FFD574B71D4639C40022BA71 /* Assets.xcassets */ = {isa = PBXFileReference; lastKnownFileType = folder.assetcatalog; path = Assets.xcassets; sourceTree = "<group>"; };
		FFD574BA1D4639C40022BA71 /* Base */ = {isa = PBXFileReference; lastKnownFileType = file.storyboard; name = Base; path = Base.lproj/LaunchScreen.storyboard; sourceTree = "<group>"; };
		FFD574BC1D4639C40022BA71 /* Info.plist */ = {isa = PBXFileReference; lastKnownFileType = text.plist.xml; path = Info.plist; sourceTree = "<group>"; };
/* End PBXFileReference section */

/* Begin PBXFrameworksBuildPhase section */
		FFD574AA1D4639C40022BA71 /* Frameworks */ = {
			isa = PBXFrameworksBuildPhase;
			buildActionMask = 2147483647;
			files = (
			);
			runOnlyForDeploymentPostprocessing = 0;
		};
/* End PBXFrameworksBuildPhase section */

/* Begin PBXGroup section */
		FFD574A41D4639C40022BA71 = {
			isa = PBXGroup;
			children = (
				FFD574AF1D4639C40022BA71 /* coderTinder */,
				FFD574AE1D4639C40022BA71 /* Products */,
			);
			sourceTree = "<group>";
		};
		FFD574AE1D4639C40022BA71 /* Products */ = {
			isa = PBXGroup;
			children = (
				FFD574AD1D4639C40022BA71 /* coderTinder.app */,
			);
			name = Products;
			sourceTree = "<group>";
		};
		FFD574AF1D4639C40022BA71 /* coderTinder */ = {
			isa = PBXGroup;
			children = (
				FFD574B01D4639C40022BA71 /* AppDelegate.swift */,
				FFD574B21D4639C40022BA71 /* CardsViewController.swift */,
				FFD574B41D4639C40022BA71 /* Main.storyboard */,
				FFD574B71D4639C40022BA71 /* Assets.xcassets */,
				FFD574B91D4639C40022BA71 /* LaunchScreen.storyboard */,
				FFD574BC1D4639C40022BA71 /* Info.plist */,
			);
			path = coderTinder;
			sourceTree = "<group>";
		};
/* End PBXGroup section */

/* Begin PBXNativeTarget section */
		FFD574AC1D4639C40022BA71 /* coderTinder */ = {
			isa = PBXNativeTarget;
			buildConfigurationList = FFD574BF1D4639C40022BA71 /* Build configuration list for PBXNativeTarget "coderTinder" */;
			buildPhases = (
				FFD574A91D4639C40022BA71 /* Sources */,
				FFD574AA1D4639C40022BA71 /* Frameworks */,
				FFD574AB1D4639C40022BA71 /* Resources */,
			);
			buildRules = (
			);
			dependencies = (
			);
			name = coderTinder;
			productName = coderTinder;
			productReference = FFD574AD1D4639C40022BA71 /* coderTinder.app */;
			productType = "com.apple.product-type.application";
		};
/* End PBXNativeTarget section */

/* Begin PBXProject section */
		FFD574A51D4639C40022BA71 /* Project object */ = {
			isa = PBXProject;
			attributes = {
				LastSwiftUpdateCheck = 0730;
				LastUpgradeCheck = 0730;
				ORGANIZATIONNAME = com.noron;
				TargetAttributes = {
					FFD574AC1D4639C40022BA71 = {
						CreatedOnToolsVersion = 7.3.1;
					};
				};
			};
			buildConfigurationList = FFD574A81D4639C40022BA71 /* Build configuration list for PBXProject "coderTinder" */;
			compatibilityVersion = "Xcode 3.2";
			developmentRegion = English;
			hasScannedForEncodings = 0;
			knownRegions = (
				en,
				Base,
			);
			mainGroup = FFD574A41D4639C40022BA71;
			productRefGroup = FFD574AE1D4639C40022BA71 /* Products */;
			projectDirPath = "";
			projectRoot = "";
			targets = (
				FFD574AC1D4639C40022BA71 /* coderTinder */,
			);
		};
/* End PBXProject section */

/* Begin PBXResourcesBuildPhase section */
		FFD574AB1D4639C40022BA71 /* Resources */ = {
			isa = PBXResourcesBuildPhase;
			buildActionMask = 2147483647;
			files = (
				FFD574BB1D4639C40022BA71 /* LaunchScreen.storyboard in Resources */,
				FFD574B81D4639C40022BA71 /* Assets.xcassets in Resources */,
				FFD574B61D4639C40022BA71 /* Main.storyboard in Resources */,
			);
			runOnlyForDeploymentPostprocessing = 0;
		};
/* End PBXResourcesBuildPhase section */

/* Begin PBXSourcesBuildPhase section */
		FFD574A91D4639C40022BA71 /* Sources */ = {
			isa = PBXSourcesBuildPhase;
			buildActionMask = 2147483647;
			files = (
				FFD574B31D4639C40022BA71 /* CardsViewController.swift in Sources */,
				FFD574B11D4639C40022BA71 /* AppDelegate.swift in Sources */,
			);
			runOnlyForDeploymentPostprocessing = 0;
		};
/* End PBXSourcesBuildPhase section */

/* Begin PBXVariantGroup section */
		FFD574B41D4639C40022BA71 /* Main.storyboard */ = {
			isa = PBXVariantGroup;
			children = (
				FFD574B51D4639C40022BA71 /* Base */,
			);
			name = Main.storyboard;
			sourceTree = "<group>";
		};
		FFD574B91D4639C40022BA71 /* LaunchScreen.storyboard */ = {
			isa = PBXVariantGroup;
			children = (
				FFD574BA1D4639C40022BA71 /* Base */,
			);
			name = LaunchScreen.storyboard;
			sourceTree = "<group>";
		};
/* End PBXVariantGroup section */

/* Begin XCBuildConfiguration section */
		FFD574BD1D4639C40022BA71 /* Debug */ = {
			isa = XCBuildConfiguration;
			buildSettings = {
				ALWAYS_SEARCH_USER_PATHS = NO;
				CLANG_ANALYZER_NONNULL = YES;
				CLANG_CXX_LANGUAGE_STANDARD = "gnu++0x";
				CLANG_CXX_LIBRARY = "libc++";
				CLANG_ENABLE_MODULES = YES;
				CLANG_ENABLE_OBJC_ARC = YES;
				CLANG_WARN_BOOL_CONVERSION = YES;
				CLANG_WARN_CONSTANT_CONVERSION = YES;
				CLANG_WARN_DIRECT_OBJC_ISA_USAGE = YES_ERROR;
				CLANG_WARN_EMPTY_BODY = YES;
				CLANG_WARN_ENUM_CONVERSION = YES;
				CLANG_WARN_INT_CONVERSION = YES;
				CLANG_WARN_OBJC_ROOT_CLASS = YES_ERROR;
				CLANG_WARN_UNREACHABLE_CODE = YES;
				CLANG_WARN__DUPLICATE_METHOD_MATCH = YES;
				"CODE_SIGN_IDENTITY[sdk=iphoneos*]" = "iPhone Developer";
				COPY_PHASE_STRIP = NO;
				DEBUG_INFORMATION_FORMAT = dwarf;
				ENABLE_STRICT_OBJC_MSGSEND = YES;
				ENABLE_TESTABILITY = YES;
				GCC_C_LANGUAGE_STANDARD = gnu99;
				GCC_DYNAMIC_NO_PIC = NO;
				GCC_NO_COMMON_BLOCKS = YES;
				GCC_OPTIMIZATION_LEVEL = 0;
				GCC_PREPROCESSOR_DEFINITIONS = (
					"DEBUG=1",
					"$(inherited)",
				);
				GCC_WARN_64_TO_32_BIT_CONVERSION = YES;
				GCC_WARN_ABOUT_RETURN_TYPE = YES_ERROR;
				GCC_WARN_UNDECLARED_SELECTOR = YES;
				GCC_WARN_UNINITIALIZED_AUTOS = YES_AGGRESSIVE;
				GCC_WARN_UNUSED_FUNCTION = YES;
				GCC_WARN_UNUSED_VARIABLE = YES;
				IPHONEOS_DEPLOYMENT_TARGET = 9.3;
				MTL_ENABLE_DEBUG_INFO = YES;
				ONLY_ACTIVE_ARCH = YES;
				SDKROOT = iphoneos;
				SWIFT_OPTIMIZATION_LEVEL = "-Onone";
			};
			name = Debug;
		};
		FFD574BE1D4639C40022BA71 /* Release */ = {
			isa = XCBuildConfiguration;
			buildSettings = {
				ALWAYS_SEARCH_USER_PATHS = NO;
				CLANG_ANALYZER_NONNULL = YES;
				CLANG_CXX_LANGUAGE_STANDARD = "gnu++0x";
				CLANG_CXX_LIBRARY = "libc++";
				CLANG_ENABLE_MODULES = YES;
				CLANG_ENABLE_OBJC_ARC = YES;
				CLANG_WARN_BOOL_CONVERSION = YES;
				CLANG_WARN_CONSTANT_CONVERSION = YES;
				CLANG_WARN_DIRECT_OBJC_ISA_USAGE = YES_ERROR;
				CLANG_WARN_EMPTY_BODY = YES;
				CLANG_WARN_ENUM_CONVERSION = YES;
				CLANG_WARN_INT_CONVERSION = YES;
				CLANG_WARN_OBJC_ROOT_CLASS = YES_ERROR;
				CLANG_WARN_UNREACHABLE_CODE = YES;
				CLANG_WARN__DUPLICATE_METHOD_MATCH = YES;
				"CODE_SIGN_IDENTITY[sdk=iphoneos*]" = "iPhone Developer";
				COPY_PHASE_STRIP = NO;
				DEBUG_INFORMATION_FORMAT = "dwarf-with-dsym";
				ENABLE_NS_ASSERTIONS = NO;
				ENABLE_STRICT_OBJC_MSGSEND = YES;
				GCC_C_LANGUAGE_STANDARD = gnu99;
				GCC_NO_COMMON_BLOCKS = YES;
				GCC_WARN_64_TO_32_BIT_CONVERSION = YES;
				GCC_WARN_ABOUT_RETURN_TYPE = YES_ERROR;
				GCC_WARN_UNDECLARED_SELECTOR = YES;
				GCC_WARN_UNINITIALIZED_AUTOS = YES_AGGRESSIVE;
				GCC_WARN_UNUSED_FUNCTION = YES;
				GCC_WARN_UNUSED_VARIABLE = YES;
				IPHONEOS_DEPLOYMENT_TARGET = 9.3;
				MTL_ENABLE_DEBUG_INFO = NO;
				SDKROOT = iphoneos;
				VALIDATE_PRODUCT = YES;
			};
			name = Release;
		};
		FFD574C01D4639C40022BA71 /* Debug */ = {
			isa = XCBuildConfiguration;
			buildSettings = {
				ASSETCATALOG_COMPILER_APPICON_NAME = AppIcon;
				INFOPLIST_FILE = coderTinder/Info.plist;
				LD_RUNPATH_SEARCH_PATHS = "$(inherited) @executable_path/Frameworks";
				PRODUCT_BUNDLE_IDENTIFIER = com.noron.coderTinder;
				PRODUCT_NAME = "$(TARGET_NAME)";
			};
			name = Debug;
		};
		FFD574C11D4639C40022BA71 /* Release */ = {
			isa = XCBuildConfiguration;
			buildSettings = {
				ASSETCATALOG_COMPILER_APPICON_NAME = AppIcon;
				INFOPLIST_FILE = coderTinder/Info.plist;
				LD_RUNPATH_SEARCH_PATHS = "$(inherited) @executable_path/Frameworks";
				PRODUCT_BUNDLE_IDENTIFIER = com.noron.coderTinder;
				PRODUCT_NAME = "$(TARGET_NAME)";
			};
			name = Release;
		};
/* End XCBuildConfiguration section */

/* Begin XCConfigurationList section */
		FFD574A81D4639C40022BA71 /* Build configuration list for PBXProject "coderTinder" */ = {
			isa = XCConfigurationList;
			buildConfigurations = (
				FFD574BD1D4639C40022BA71 /* Debug */,
				FFD574BE1D4639C40022BA71 /* Release */,
			);
			defaultConfigurationIsVisible = 0;
			defaultConfigurationName = Release;
		};
		FFD574BF1D4639C40022BA71 /* Build configuration list for PBXNativeTarget "coderTinder" */ = {
			isa = XCConfigurationList;
			buildConfigurations = (
				FFD574C01D4639C40022BA71 /* Debug */,
				FFD574C11D4639C40022BA71 /* Release */,
			);
			defaultConfigurationIsVisible = 0;
		};
/* End XCConfigurationList section */
	};
	rootObject = FFD574A51D4639C40022BA71 /* Project object */;
}
